// !$*UTF8*$!
{
	archiveVersion = 1;
	classes = {
	};
	objectVersion = 55;
	objects = {

/* Begin PBXBuildFile section */
		47027A8C276A1F45004D1D18 /* SuccessViewController.swift in Sources */ = {isa = PBXBuildFile; fileRef = 47027A8B276A1F45004D1D18 /* SuccessViewController.swift */; };
		47027A90276A2764004D1D18 /* HomeViewController+Network.swift in Sources */ = {isa = PBXBuildFile; fileRef = 47027A8F276A2764004D1D18 /* HomeViewController+Network.swift */; };
		47027A94276A27DE004D1D18 /* HomeViewModel.swift in Sources */ = {isa = PBXBuildFile; fileRef = 47027A93276A27DE004D1D18 /* HomeViewModel.swift */; };
		47027A96276A295A004D1D18 /* HomeViewProtocol.swift in Sources */ = {isa = PBXBuildFile; fileRef = 47027A95276A295A004D1D18 /* HomeViewProtocol.swift */; };
		47027A99276A2AAA004D1D18 /* BaseViewController.swift in Sources */ = {isa = PBXBuildFile; fileRef = 47027A98276A2AAA004D1D18 /* BaseViewController.swift */; };
		47027A9C276A2D6B004D1D18 /* HomeViewController+Navigation.swift in Sources */ = {isa = PBXBuildFile; fileRef = 47027A9B276A2D6B004D1D18 /* HomeViewController+Navigation.swift */; };
		47EF44B7274B84E300D159ED /* AppDelegate.swift in Sources */ = {isa = PBXBuildFile; fileRef = 47EF44B6274B84E300D159ED /* AppDelegate.swift */; };
		47EF44BB274B84E300D159ED /* HomeViewController.swift in Sources */ = {isa = PBXBuildFile; fileRef = 47EF44BA274B84E300D159ED /* HomeViewController.swift */; };
		47EF44C0274B84E600D159ED /* Assets.xcassets in Resources */ = {isa = PBXBuildFile; fileRef = 47EF44BF274B84E600D159ED /* Assets.xcassets */; };
		47EF44C3274B84E600D159ED /* LaunchScreen.storyboard in Resources */ = {isa = PBXBuildFile; fileRef = 47EF44C1274B84E600D159ED /* LaunchScreen.storyboard */; };
		47EF44CB274B868500D159ED /* NetworkController.swift in Sources */ = {isa = PBXBuildFile; fileRef = 47EF44CA274B868500D159ED /* NetworkController.swift */; };
		47EF44D1274B8CBA00D159ED /* BitcoinModel.swift in Sources */ = {isa = PBXBuildFile; fileRef = 47EF44D0274B8CBA00D159ED /* BitcoinModel.swift */; };
/* End PBXBuildFile section */

/* Begin PBXFileReference section */
		47027A8B276A1F45004D1D18 /* SuccessViewController.swift */ = {isa = PBXFileReference; lastKnownFileType = sourcecode.swift; path = SuccessViewController.swift; sourceTree = "<group>"; };
		47027A8F276A2764004D1D18 /* HomeViewController+Network.swift */ = {isa = PBXFileReference; lastKnownFileType = sourcecode.swift; path = "HomeViewController+Network.swift"; sourceTree = "<group>"; };
		47027A93276A27DE004D1D18 /* HomeViewModel.swift */ = {isa = PBXFileReference; lastKnownFileType = sourcecode.swift; path = HomeViewModel.swift; sourceTree = "<group>"; };
		47027A95276A295A004D1D18 /* HomeViewProtocol.swift */ = {isa = PBXFileReference; lastKnownFileType = sourcecode.swift; path = HomeViewProtocol.swift; sourceTree = "<group>"; };
		47027A98276A2AAA004D1D18 /* BaseViewController.swift */ = {isa = PBXFileReference; lastKnownFileType = sourcecode.swift; path = BaseViewController.swift; sourceTree = "<group>"; };
		47027A9B276A2D6B004D1D18 /* HomeViewController+Navigation.swift */ = {isa = PBXFileReference; lastKnownFileType = sourcecode.swift; path = "HomeViewController+Navigation.swift"; sourceTree = "<group>"; };
		47EF44B3274B84E300D159ED /* Networking.app */ = {isa = PBXFileReference; explicitFileType = wrapper.application; includeInIndex = 0; path = Networking.app; sourceTree = BUILT_PRODUCTS_DIR; };
		47EF44B6274B84E300D159ED /* AppDelegate.swift */ = {isa = PBXFileReference; lastKnownFileType = sourcecode.swift; path = AppDelegate.swift; sourceTree = "<group>"; };
		47EF44BA274B84E300D159ED /* HomeViewController.swift */ = {isa = PBXFileReference; lastKnownFileType = sourcecode.swift; path = HomeViewController.swift; sourceTree = "<group>"; };
		47EF44BF274B84E600D159ED /* Assets.xcassets */ = {isa = PBXFileReference; lastKnownFileType = folder.assetcatalog; path = Assets.xcassets; sourceTree = "<group>"; };
		47EF44C2274B84E600D159ED /* Base */ = {isa = PBXFileReference; lastKnownFileType = file.storyboard; name = Base; path = Base.lproj/LaunchScreen.storyboard; sourceTree = "<group>"; };
		47EF44C4274B84E600D159ED /* Info.plist */ = {isa = PBXFileReference; lastKnownFileType = text.plist.xml; path = Info.plist; sourceTree = "<group>"; };
		47EF44CA274B868500D159ED /* NetworkController.swift */ = {isa = PBXFileReference; lastKnownFileType = sourcecode.swift; path = NetworkController.swift; sourceTree = "<group>"; };
		47EF44D0274B8CBA00D159ED /* BitcoinModel.swift */ = {isa = PBXFileReference; lastKnownFileType = sourcecode.swift; path = BitcoinModel.swift; sourceTree = "<group>"; };
/* End PBXFileReference section */

/* Begin PBXFrameworksBuildPhase section */
		47EF44B0274B84E300D159ED /* Frameworks */ = {
			isa = PBXFrameworksBuildPhase;
			buildActionMask = 2147483647;
			files = (
			);
			runOnlyForDeploymentPostprocessing = 0;
		};
/* End PBXFrameworksBuildPhase section */

/* Begin PBXGroup section */
		47027A8D276A2704004D1D18 /* HomeViewController */ = {
			isa = PBXGroup;
			children = (
				47027A9A276A2AB5004D1D18 /* Model */,
				47027A92276A27CA004D1D18 /* ViewModel */,
				47027A91276A27C1004D1D18 /* Controller */,
			);
			path = HomeViewController;
			sourceTree = "<group>";
		};
		47027A8E276A2711004D1D18 /* NetworkController */ = {
			isa = PBXGroup;
			children = (
				47EF44CA274B868500D159ED /* NetworkController.swift */,
			);
			path = NetworkController;
			sourceTree = "<group>";
		};
		47027A91276A27C1004D1D18 /* Controller */ = {
			isa = PBXGroup;
			children = (
				47EF44BA274B84E300D159ED /* HomeViewController.swift */,
				47027A8F276A2764004D1D18 /* HomeViewController+Network.swift */,
				47027A9B276A2D6B004D1D18 /* HomeViewController+Navigation.swift */,
			);
			path = Controller;
			sourceTree = "<group>";
		};
		47027A92276A27CA004D1D18 /* ViewModel */ = {
			isa = PBXGroup;
			children = (
				47027A95276A295A004D1D18 /* HomeViewProtocol.swift */,
				47027A93276A27DE004D1D18 /* HomeViewModel.swift */,
			);
			path = ViewModel;
			sourceTree = "<group>";
		};
		47027A97276A2A9F004D1D18 /* BaseController */ = {
			isa = PBXGroup;
			children = (
				47027A98276A2AAA004D1D18 /* BaseViewController.swift */,
			);
			path = BaseController;
			sourceTree = "<group>";
		};
		47027A9A276A2AB5004D1D18 /* Model */ = {
			isa = PBXGroup;
			children = (
				47EF44D0274B8CBA00D159ED /* BitcoinModel.swift */,
			);
			path = Model;
			sourceTree = "<group>";
		};
		47027A9D276A2E17004D1D18 /* SuccessViewController */ = {
			isa = PBXGroup;
			children = (
				47027A8B276A1F45004D1D18 /* SuccessViewController.swift */,
			);
			path = SuccessViewController;
			sourceTree = "<group>";
		};
		47EF44AA274B84E300D159ED = {
			isa = PBXGroup;
			children = (
				47EF44B5274B84E300D159ED /* Networking */,
				47EF44B4274B84E300D159ED /* Products */,
			);
			sourceTree = "<group>";
		};
		47EF44B4274B84E300D159ED /* Products */ = {
			isa = PBXGroup;
			children = (
				47EF44B3274B84E300D159ED /* Networking.app */,
			);
			name = Products;
			sourceTree = "<group>";
		};
		47EF44B5274B84E300D159ED /* Networking */ = {
			isa = PBXGroup;
			children = (
				47EF44B6274B84E300D159ED /* AppDelegate.swift */,
				47027A97276A2A9F004D1D18 /* BaseController */,
				47027A8E276A2711004D1D18 /* NetworkController */,
				47027A8D276A2704004D1D18 /* HomeViewController */,
				47027A9D276A2E17004D1D18 /* SuccessViewController */,
				47EF44BF274B84E600D159ED /* Assets.xcassets */,
				47EF44C1274B84E600D159ED /* LaunchScreen.storyboard */,
				47EF44C4274B84E600D159ED /* Info.plist */,
			);
			path = Networking;
			sourceTree = "<group>";
		};
/* End PBXGroup section */

/* Begin PBXNativeTarget section */
		47EF44B2274B84E300D159ED /* Networking */ = {
			isa = PBXNativeTarget;
			buildConfigurationList = 47EF44C7274B84E600D159ED /* Build configuration list for PBXNativeTarget "Networking" */;
			buildPhases = (
				47EF44AF274B84E300D159ED /* Sources */,
				47EF44B0274B84E300D159ED /* Frameworks */,
				47EF44B1274B84E300D159ED /* Resources */,
			);
			buildRules = (
			);
			dependencies = (
			);
			name = Networking;
			productName = Networking;
			productReference = 47EF44B3274B84E300D159ED /* Networking.app */;
			productType = "com.apple.product-type.application";
		};
/* End PBXNativeTarget section */

/* Begin PBXProject section */
		47EF44AB274B84E300D159ED /* Project object */ = {
			isa = PBXProject;
			attributes = {
				BuildIndependentTargetsInParallel = 1;
				LastSwiftUpdateCheck = 1300;
				LastUpgradeCheck = 1300;
				TargetAttributes = {
					47EF44B2274B84E300D159ED = {
						CreatedOnToolsVersion = 13.0;
					};
				};
			};
			buildConfigurationList = 47EF44AE274B84E300D159ED /* Build configuration list for PBXProject "Networking" */;
			compatibilityVersion = "Xcode 13.0";
			developmentRegion = en;
			hasScannedForEncodings = 0;
			knownRegions = (
				en,
				Base,
			);
			mainGroup = 47EF44AA274B84E300D159ED;
			productRefGroup = 47EF44B4274B84E300D159ED /* Products */;
			projectDirPath = "";
			projectRoot = "";
			targets = (
				47EF44B2274B84E300D159ED /* Networking */,
			);
		};
/* End PBXProject section */

/* Begin PBXResourcesBuildPhase section */
		47EF44B1274B84E300D159ED /* Resources */ = {
			isa = PBXResourcesBuildPhase;
			buildActionMask = 2147483647;
			files = (
				47EF44C3274B84E600D159ED /* LaunchScreen.storyboard in Resources */,
				47EF44C0274B84E600D159ED /* Assets.xcassets in Resources */,
			);
			runOnlyForDeploymentPostprocessing = 0;
		};
/* End PBXResourcesBuildPhase section */

/* Begin PBXSourcesBuildPhase section */
		47EF44AF274B84E300D159ED /* Sources */ = {
			isa = PBXSourcesBuildPhase;
			buildActionMask = 2147483647;
			files = (
				47EF44BB274B84E300D159ED /* HomeViewController.swift in Sources */,
				47EF44B7274B84E300D159ED /* AppDelegate.swift in Sources */,
				47027A94276A27DE004D1D18 /* HomeViewModel.swift in Sources */,
				47027A90276A2764004D1D18 /* HomeViewController+Network.swift in Sources */,
				47EF44D1274B8CBA00D159ED /* BitcoinModel.swift in Sources */,
				47027A99276A2AAA004D1D18 /* BaseViewController.swift in Sources */,
				47027A8C276A1F45004D1D18 /* SuccessViewController.swift in Sources */,
				47027A9C276A2D6B004D1D18 /* HomeViewController+Navigation.swift in Sources */,
				47EF44CB274B868500D159ED /* NetworkController.swift in Sources */,
				47027A96276A295A004D1D18 /* HomeViewProtocol.swift in Sources */,
			);
			runOnlyForDeploymentPostprocessing = 0;
		};
/* End PBXSourcesBuildPhase section */

/* Begin PBXVariantGroup section */
		47EF44C1274B84E600D159ED /* LaunchScreen.storyboard */ = {
			isa = PBXVariantGroup;
			children = (
				47EF44C2274B84E600D159ED /* Base */,
			);
			name = LaunchScreen.storyboard;
			sourceTree = "<group>";
		};
/* End PBXVariantGroup section */

/* Begin XCBuildConfiguration section */
		47EF44C5274B84E600D159ED /* Debug */ = {
			isa = XCBuildConfiguration;
			buildSettings = {
				ALWAYS_SEARCH_USER_PATHS = NO;
				CLANG_ANALYZER_NONNULL = YES;
				CLANG_ANALYZER_NUMBER_OBJECT_CONVERSION = YES_AGGRESSIVE;
				CLANG_CXX_LANGUAGE_STANDARD = "gnu++17";
				CLANG_CXX_LIBRARY = "libc++";
				CLANG_ENABLE_MODULES = YES;
				CLANG_ENABLE_OBJC_ARC = YES;
				CLANG_ENABLE_OBJC_WEAK = YES;
				CLANG_WARN_BLOCK_CAPTURE_AUTORELEASING = YES;
				CLANG_WARN_BOOL_CONVERSION = YES;
				CLANG_WARN_COMMA = YES;
				CLANG_WARN_CONSTANT_CONVERSION = YES;
				CLANG_WARN_DEPRECATED_OBJC_IMPLEMENTATIONS = YES;
				CLANG_WARN_DIRECT_OBJC_ISA_USAGE = YES_ERROR;
				CLANG_WARN_DOCUMENTATION_COMMENTS = YES;
				CLANG_WARN_EMPTY_BODY = YES;
				CLANG_WARN_ENUM_CONVERSION = YES;
				CLANG_WARN_INFINITE_RECURSION = YES;
				CLANG_WARN_INT_CONVERSION = YES;
				CLANG_WARN_NON_LITERAL_NULL_CONVERSION = YES;
				CLANG_WARN_OBJC_IMPLICIT_RETAIN_SELF = YES;
				CLANG_WARN_OBJC_LITERAL_CONVERSION = YES;
				CLANG_WARN_OBJC_ROOT_CLASS = YES_ERROR;
				CLANG_WARN_QUOTED_INCLUDE_IN_FRAMEWORK_HEADER = YES;
				CLANG_WARN_RANGE_LOOP_ANALYSIS = YES;
				CLANG_WARN_STRICT_PROTOTYPES = YES;
				CLANG_WARN_SUSPICIOUS_MOVE = YES;
				CLANG_WARN_UNGUARDED_AVAILABILITY = YES_AGGRESSIVE;
				CLANG_WARN_UNREACHABLE_CODE = YES;
				CLANG_WARN__DUPLICATE_METHOD_MATCH = YES;
				COPY_PHASE_STRIP = NO;
				DEBUG_INFORMATION_FORMAT = dwarf;
				ENABLE_STRICT_OBJC_MSGSEND = YES;
				ENABLE_TESTABILITY = YES;
				GCC_C_LANGUAGE_STANDARD = gnu11;
				GCC_DYNAMIC_NO_PIC = NO;
				GCC_NO_COMMON_BLOCKS = YES;
				GCC_OPTIMIZATION_LEVEL = 0;
				GCC_PREPROCESSOR_DEFINITIONS = (
					"DEBUG=1",
					"$(inherited)",
				);
				GCC_WARN_64_TO_32_BIT_CONVERSION = YES;
				GCC_WARN_ABOUT_RETURN_TYPE = YES_ERROR;
				GCC_WARN_UNDECLARED_SELECTOR = YES;
				GCC_WARN_UNINITIALIZED_AUTOS = YES_AGGRESSIVE;
				GCC_WARN_UNUSED_FUNCTION = YES;
				GCC_WARN_UNUSED_VARIABLE = YES;
				IPHONEOS_DEPLOYMENT_TARGET = 15.0;
				MTL_ENABLE_DEBUG_INFO = INCLUDE_SOURCE;
				MTL_FAST_MATH = YES;
				ONLY_ACTIVE_ARCH = YES;
				SDKROOT = iphoneos;
				SWIFT_ACTIVE_COMPILATION_CONDITIONS = DEBUG;
				SWIFT_OPTIMIZATION_LEVEL = "-Onone";
			};
			name = Debug;
		};
		47EF44C6274B84E600D159ED /* Release */ = {
			isa = XCBuildConfiguration;
			buildSettings = {
				ALWAYS_SEARCH_USER_PATHS = NO;
				CLANG_ANALYZER_NONNULL = YES;
				CLANG_ANALYZER_NUMBER_OBJECT_CONVERSION = YES_AGGRESSIVE;
				CLANG_CXX_LANGUAGE_STANDARD = "gnu++17";
				CLANG_CXX_LIBRARY = "libc++";
				CLANG_ENABLE_MODULES = YES;
				CLANG_ENABLE_OBJC_ARC = YES;
				CLANG_ENABLE_OBJC_WEAK = YES;
				CLANG_WARN_BLOCK_CAPTURE_AUTORELEASING = YES;
				CLANG_WARN_BOOL_CONVERSION = YES;
				CLANG_WARN_COMMA = YES;
				CLANG_WARN_CONSTANT_CONVERSION = YES;
				CLANG_WARN_DEPRECATED_OBJC_IMPLEMENTATIONS = YES;
				CLANG_WARN_DIRECT_OBJC_ISA_USAGE = YES_ERROR;
				CLANG_WARN_DOCUMENTATION_COMMENTS = YES;
				CLANG_WARN_EMPTY_BODY = YES;
				CLANG_WARN_ENUM_CONVERSION = YES;
				CLANG_WARN_INFINITE_RECURSION = YES;
				CLANG_WARN_INT_CONVERSION = YES;
				CLANG_WARN_NON_LITERAL_NULL_CONVERSION = YES;
				CLANG_WARN_OBJC_IMPLICIT_RETAIN_SELF = YES;
				CLANG_WARN_OBJC_LITERAL_CONVERSION = YES;
				CLANG_WARN_OBJC_ROOT_CLASS = YES_ERROR;
				CLANG_WARN_QUOTED_INCLUDE_IN_FRAMEWORK_HEADER = YES;
				CLANG_WARN_RANGE_LOOP_ANALYSIS = YES;
				CLANG_WARN_STRICT_PROTOTYPES = YES;
				CLANG_WARN_SUSPICIOUS_MOVE = YES;
				CLANG_WARN_UNGUARDED_AVAILABILITY = YES_AGGRESSIVE;
				CLANG_WARN_UNREACHABLE_CODE = YES;
				CLANG_WARN__DUPLICATE_METHOD_MATCH = YES;
				COPY_PHASE_STRIP = NO;
				DEBUG_INFORMATION_FORMAT = "dwarf-with-dsym";
				ENABLE_NS_ASSERTIONS = NO;
				ENABLE_STRICT_OBJC_MSGSEND = YES;
				GCC_C_LANGUAGE_STANDARD = gnu11;
				GCC_NO_COMMON_BLOCKS = YES;
				GCC_WARN_64_TO_32_BIT_CONVERSION = YES;
				GCC_WARN_ABOUT_RETURN_TYPE = YES_ERROR;
				GCC_WARN_UNDECLARED_SELECTOR = YES;
				GCC_WARN_UNINITIALIZED_AUTOS = YES_AGGRESSIVE;
				GCC_WARN_UNUSED_FUNCTION = YES;
				GCC_WARN_UNUSED_VARIABLE = YES;
				IPHONEOS_DEPLOYMENT_TARGET = 15.0;
				MTL_ENABLE_DEBUG_INFO = NO;
				MTL_FAST_MATH = YES;
				SDKROOT = iphoneos;
				SWIFT_COMPILATION_MODE = wholemodule;
				SWIFT_OPTIMIZATION_LEVEL = "-O";
				VALIDATE_PRODUCT = YES;
			};
			name = Release;
		};
		47EF44C8274B84E600D159ED /* Debug */ = {
			isa = XCBuildConfiguration;
			buildSettings = {
				ASSETCATALOG_COMPILER_APPICON_NAME = AppIcon;
				ASSETCATALOG_COMPILER_GLOBAL_ACCENT_COLOR_NAME = AccentColor;
				CODE_SIGN_STYLE = Automatic;
				CURRENT_PROJECT_VERSION = 1;
				DEVELOPMENT_TEAM = U7HFT6QF4H;
				GENERATE_INFOPLIST_FILE = YES;
				INFOPLIST_FILE = Networking/Info.plist;
				INFOPLIST_KEY_UIApplicationSupportsIndirectInputEvents = YES;
				INFOPLIST_KEY_UILaunchStoryboardName = LaunchScreen;
				INFOPLIST_KEY_UISupportedInterfaceOrientations_iPad = "UIInterfaceOrientationPortrait UIInterfaceOrientationPortraitUpsideDown UIInterfaceOrientationLandscapeLeft UIInterfaceOrientationLandscapeRight";
				INFOPLIST_KEY_UISupportedInterfaceOrientations_iPhone = "UIInterfaceOrientationPortrait UIInterfaceOrientationLandscapeLeft UIInterfaceOrientationLandscapeRight";
				LD_RUNPATH_SEARCH_PATHS = (
					"$(inherited)",
					"@executable_path/Frameworks",
				);
				MARKETING_VERSION = 1.0;
				PRODUCT_BUNDLE_IDENTIFIER = com.globalkinetic.Networking;
				PRODUCT_NAME = "$(TARGET_NAME)";
				SWIFT_EMIT_LOC_STRINGS = YES;
				SWIFT_VERSION = 5.0;
				TARGETED_DEVICE_FAMILY = "1,2";
			};
			name = Debug;
		};
		47EF44C9274B84E600D159ED /* Release */ = {
			isa = XCBuildConfiguration;
			buildSettings = {
				ASSETCATALOG_COMPILER_APPICON_NAME = AppIcon;
				ASSETCATALOG_COMPILER_GLOBAL_ACCENT_COLOR_NAME = AccentColor;
				CODE_SIGN_STYLE = Automatic;
				CURRENT_PROJECT_VERSION = 1;
				DEVELOPMENT_TEAM = U7HFT6QF4H;
				GENERATE_INFOPLIST_FILE = YES;
				INFOPLIST_FILE = Networking/Info.plist;
				INFOPLIST_KEY_UIApplicationSupportsIndirectInputEvents = YES;
				INFOPLIST_KEY_UILaunchStoryboardName = LaunchScreen;
				INFOPLIST_KEY_UISupportedInterfaceOrientations_iPad = "UIInterfaceOrientationPortrait UIInterfaceOrientationPortraitUpsideDown UIInterfaceOrientationLandscapeLeft UIInterfaceOrientationLandscapeRight";
				INFOPLIST_KEY_UISupportedInterfaceOrientations_iPhone = "UIInterfaceOrientationPortrait UIInterfaceOrientationLandscapeLeft UIInterfaceOrientationLandscapeRight";
				LD_RUNPATH_SEARCH_PATHS = (
					"$(inherited)",
					"@executable_path/Frameworks",
				);
				MARKETING_VERSION = 1.0;
				PRODUCT_BUNDLE_IDENTIFIER = com.globalkinetic.Networking;
				PRODUCT_NAME = "$(TARGET_NAME)";
				SWIFT_EMIT_LOC_STRINGS = YES;
				SWIFT_VERSION = 5.0;
				TARGETED_DEVICE_FAMILY = "1,2";
			};
			name = Release;
		};
/* End XCBuildConfiguration section */

/* Begin XCConfigurationList section */
		47EF44AE274B84E300D159ED /* Build configuration list for PBXProject "Networking" */ = {
			isa = XCConfigurationList;
			buildConfigurations = (
				47EF44C5274B84E600D159ED /* Debug */,
				47EF44C6274B84E600D159ED /* Release */,
			);
			defaultConfigurationIsVisible = 0;
			defaultConfigurationName = Release;
		};
		47EF44C7274B84E600D159ED /* Build configuration list for PBXNativeTarget "Networking" */ = {
			isa = XCConfigurationList;
			buildConfigurations = (
				47EF44C8274B84E600D159ED /* Debug */,
				47EF44C9274B84E600D159ED /* Release */,
			);
			defaultConfigurationIsVisible = 0;
			defaultConfigurationName = Release;
		};
/* End XCConfigurationList section */
	};
	rootObject = 47EF44AB274B84E300D159ED /* Project object */;
}
